
Microsoft Visual Studio Solution File, Format Version 12.00
# Visual Studio Version 17
VisualStudioVersion = 17.8.34525.116
MinimumVisualStudioVersion = 10.0.40219.1
Project("{FAE04EC0-301F-11D3-BF4B-00C04F79EFBC}") = "noPainNoGain", "noPainNoGain\noPainNoGain.csproj", "{568071FF-EBB3-4228-B5FE-2CCC5680B6E5}"
EndProject
Global
	GlobalSection(SolutionConfigurationPlatforms) = preSolution
		Debug|Any CPU = Debug|Any CPU
		Release|Any CPU = Release|Any CPU
	EndGlobalSection
	GlobalSection(ProjectConfigurationPlatforms) = postSolution
		{568071FF-EBB3-4228-B5FE-2CCC5680B6E5}.Debug|Any CPU.ActiveCfg = Debug|Any CPU
		{568071FF-EBB3-4228-B5FE-2CCC5680B6E5}.Debug|Any CPU.Build.0 = Debug|Any CPU
		{568071FF-EBB3-4228-B5FE-2CCC5680B6E5}.Release|Any CPU.ActiveCfg = Release|Any CPU
		{568071FF-EBB3-4228-B5FE-2CCC5680B6E5}.Release|Any CPU.Build.0 = Release|Any CPU
	EndGlobalSection
	GlobalSection(SolutionProperties) = preSolution
		HideSolutionNode = FALSE
	EndGlobalSection
	GlobalSection(ExtensibilityGlobals) = postSolution
		SolutionGuid = {D219FB0F-856E-4C73-A1A5-5FEDB4733964}
	EndGlobalSection
EndGlobal
